# THIS IS AN AUTOGENERATED FILE. DO NOT EDIT THIS FILE DIRECTLY.
# yarn lockfile v1


"@types/lodash@^4.14.168":
  version "4.14.168"
  resolved "https://registry.npm.taobao.org/@types/lodash/download/@types/lodash-4.14.168.tgz#fe24632e79b7ade3f132891afff86caa5e5ce008"
  integrity sha1-/iRjLnm3rePxMoka//hsql5c4Ag=

"@types/node@^14.14.33":
  version "14.14.33"
  resolved "https://registry.npm.taobao.org/@types/node/download/@types/node-14.14.33.tgz#9e4f8c64345522e4e8ce77b334a8aaa64e2b6c78"
  integrity sha1-nk+MZDRVIuToznezNKiqpk4rbHg=

axios@^0.21.1:
  version "0.21.1"
  resolved "https://registry.npm.taobao.org/axios/download/axios-0.21.1.tgz#22563481962f4d6bde9a76d516ef0e5d3c09b2b8"
  integrity sha1-IlY0gZYvTWvemnbVFu8OXTwJsrg=
  dependencies:
    follow-redirects "^1.10.0"

dayjs@^1.10.4:
  version "1.10.4"
  resolved "https://registry.npm.taobao.org/dayjs/download/dayjs-1.10.4.tgz#8e544a9b8683f61783f570980a8a80eaf54ab1e2"
  integrity sha1-jlRKm4aD9heD9XCYCoqA6vVKseI=

follow-redirects@^1.10.0:
  version "1.13.3"
  resolved "https://registry.npm.taobao.org/follow-redirects/download/follow-redirects-1.13.3.tgz#e5598ad50174c1bc4e872301e82ac2cd97f90267"
  integrity sha1-5VmK1QF0wbxOhyMB6CrCzZf5Amc=

hashids@^2.2.8:
  version "2.2.8"
  resolved "https://registry.npm.taobao.org/hashids/download/hashids-2.2.8.tgz#d1e4e1be48e711ad6e5f27b32c37c399d5eeb5b4"
  integrity sha1-0eThvkjnEa1uXyezLDfDmdXutbQ=

lodash@^4.17.21:
  version "4.17.21"
  resolved "https://registry.npm.taobao.org/lodash/download/lodash-4.17.21.tgz#679591c564c3bffaae8454cf0b3df370c3d6911c"
  integrity sha1-Z5WRxWTDv/quhFTPCz3zcMPWkRw=

typescript@^4.2.3:
  version "4.2.3"
  resolved "https://registry.npm.taobao.org/typescript/download/typescript-4.2.3.tgz#39062d8019912d43726298f09493d598048c1ce3"
  integrity sha1-OQYtgBmRLUNyYpjwlJPVmASMHOM=
